
Microsoft Visual Studio Solution File, Format Version 12.00
# Visual Studio Version 16
VisualStudioVersion = 16.0.29728.190
MinimumVisualStudioVersion = 10.0.40219.1
Project("{FAE04EC0-301F-11D3-BF4B-00C04F79EFBC}") = "TV-Backend.WebAPI", "TV-Backend.WebAPI\TV-Backend.WebAPI.csproj", "{69A50DE1-E92D-45D0-876B-D221E56D16C2}"
EndProject
Global
	GlobalSection(SolutionConfigurationPlatforms) = preSolution
		Debug|Any CPU = Debug|Any CPU
		Release|Any CPU = Release|Any CPU
	EndGlobalSection
	GlobalSection(ProjectConfigurationPlatforms) = postSolution
		{69A50DE1-E92D-45D0-876B-D221E56D16C2}.Debug|Any CPU.ActiveCfg = Debug|Any CPU
		{69A50DE1-E92D-45D0-876B-D221E56D16C2}.Debug|Any CPU.Build.0 = Debug|Any CPU
		{69A50DE1-E92D-45D0-876B-D221E56D16C2}.Release|Any CPU.ActiveCfg = Release|Any CPU
		{69A50DE1-E92D-45D0-876B-D221E56D16C2}.Release|Any CPU.Build.0 = Release|Any CPU
	EndGlobalSection
	GlobalSection(SolutionProperties) = preSolution
		HideSolutionNode = FALSE
	EndGlobalSection
	GlobalSection(ExtensibilityGlobals) = postSolution
		SolutionGuid = {748E0D35-873F-41B7-9748-E2B5DEDE4C08}
	EndGlobalSection
EndGlobal
